// !$*UTF8*$!
{
	archiveVersion = 1;
	classes = {
	};
	objectVersion = 50;
	objects = {

/* Begin PBXBuildFile section */
		A8B86A46240B1C540071F74D /* AppDelegate.swift in Sources */ = {isa = PBXBuildFile; fileRef = A8B86A45240B1C540071F74D /* AppDelegate.swift */; };
		A8B86A48240B1C540071F74D /* SceneDelegate.swift in Sources */ = {isa = PBXBuildFile; fileRef = A8B86A47240B1C540071F74D /* SceneDelegate.swift */; };
		A8B86A4A240B1C540071F74D /* TodoListViewController.swift in Sources */ = {isa = PBXBuildFile; fileRef = A8B86A49240B1C540071F74D /* TodoListViewController.swift */; };
		A8B86A4D240B1C540071F74D /* Main.storyboard in Resources */ = {isa = PBXBuildFile; fileRef = A8B86A4B240B1C540071F74D /* Main.storyboard */; };
		A8B86A4F240B1C5A0071F74D /* Assets.xcassets in Resources */ = {isa = PBXBuildFile; fileRef = A8B86A4E240B1C5A0071F74D /* Assets.xcassets */; };
		A8B86A52240B1C5A0071F74D /* LaunchScreen.storyboard in Resources */ = {isa = PBXBuildFile; fileRef = A8B86A50240B1C5A0071F74D /* LaunchScreen.storyboard */; };
		A8B86A5A2415D02D0071F74D /* Item.swift in Sources */ = {isa = PBXBuildFile; fileRef = A8B86A592415D02D0071F74D /* Item.swift */; };
/* End PBXBuildFile section */

/* Begin PBXFileReference section */
		A8B86A42240B1C540071F74D /* To-Do List.app */ = {isa = PBXFileReference; explicitFileType = wrapper.application; includeInIndex = 0; path = "To-Do List.app"; sourceTree = BUILT_PRODUCTS_DIR; };
		A8B86A45240B1C540071F74D /* AppDelegate.swift */ = {isa = PBXFileReference; lastKnownFileType = sourcecode.swift; path = AppDelegate.swift; sourceTree = "<group>"; };
		A8B86A47240B1C540071F74D /* SceneDelegate.swift */ = {isa = PBXFileReference; lastKnownFileType = sourcecode.swift; path = SceneDelegate.swift; sourceTree = "<group>"; };
		A8B86A49240B1C540071F74D /* TodoListViewController.swift */ = {isa = PBXFileReference; lastKnownFileType = sourcecode.swift; path = TodoListViewController.swift; sourceTree = "<group>"; };
		A8B86A4C240B1C540071F74D /* Base */ = {isa = PBXFileReference; lastKnownFileType = file.storyboard; name = Base; path = Base.lproj/Main.storyboard; sourceTree = "<group>"; };
		A8B86A4E240B1C5A0071F74D /* Assets.xcassets */ = {isa = PBXFileReference; lastKnownFileType = folder.assetcatalog; path = Assets.xcassets; sourceTree = "<group>"; };
		A8B86A51240B1C5A0071F74D /* Base */ = {isa = PBXFileReference; lastKnownFileType = file.storyboard; name = Base; path = Base.lproj/LaunchScreen.storyboard; sourceTree = "<group>"; };
		A8B86A53240B1C5A0071F74D /* Info.plist */ = {isa = PBXFileReference; lastKnownFileType = text.plist.xml; path = Info.plist; sourceTree = "<group>"; };
		A8B86A592415D02D0071F74D /* Item.swift */ = {isa = PBXFileReference; lastKnownFileType = sourcecode.swift; path = Item.swift; sourceTree = "<group>"; };
/* End PBXFileReference section */

/* Begin PBXFrameworksBuildPhase section */
		A8B86A3F240B1C540071F74D /* Frameworks */ = {
			isa = PBXFrameworksBuildPhase;
			buildActionMask = 2147483647;
			files = (
			);
			runOnlyForDeploymentPostprocessing = 0;
		};
/* End PBXFrameworksBuildPhase section */

/* Begin PBXGroup section */
		A8B86A39240B1C540071F74D = {
			isa = PBXGroup;
			children = (
				A8B86A44240B1C540071F74D /* To-Do List */,
				A8B86A43240B1C540071F74D /* Products */,
			);
			sourceTree = "<group>";
		};
		A8B86A43240B1C540071F74D /* Products */ = {
			isa = PBXGroup;
			children = (
				A8B86A42240B1C540071F74D /* To-Do List.app */,
			);
			name = Products;
			sourceTree = "<group>";
		};
		A8B86A44240B1C540071F74D /* To-Do List */ = {
			isa = PBXGroup;
			children = (
				A8B86A45240B1C540071F74D /* AppDelegate.swift */,
				A8B86A5C2415D05B0071F74D /* Controllers */,
				A8B86A5D2415D0780071F74D /* Supporting files */,
				A8B86A53240B1C5A0071F74D /* Info.plist */,
				A8B86A5B2415D03F0071F74D /* Data Model */,
			);
			path = "To-Do List";
			sourceTree = "<group>";
		};
		A8B86A5B2415D03F0071F74D /* Data Model */ = {
			isa = PBXGroup;
			children = (
				A8B86A592415D02D0071F74D /* Item.swift */,
			);
			path = "Data Model";
			sourceTree = "<group>";
		};
		A8B86A5C2415D05B0071F74D /* Controllers */ = {
			isa = PBXGroup;
			children = (
				A8B86A47240B1C540071F74D /* SceneDelegate.swift */,
				A8B86A49240B1C540071F74D /* TodoListViewController.swift */,
				A8B86A4B240B1C540071F74D /* Main.storyboard */,
			);
			path = Controllers;
			sourceTree = "<group>";
		};
		A8B86A5D2415D0780071F74D /* Supporting files */ = {
			isa = PBXGroup;
			children = (
				A8B86A50240B1C5A0071F74D /* LaunchScreen.storyboard */,
				A8B86A4E240B1C5A0071F74D /* Assets.xcassets */,
			);
			path = "Supporting files";
			sourceTree = "<group>";
		};
/* End PBXGroup section */

/* Begin PBXNativeTarget section */
		A8B86A41240B1C540071F74D /* To-Do List */ = {
			isa = PBXNativeTarget;
			buildConfigurationList = A8B86A56240B1C5A0071F74D /* Build configuration list for PBXNativeTarget "To-Do List" */;
			buildPhases = (
				A8B86A3E240B1C540071F74D /* Sources */,
				A8B86A3F240B1C540071F74D /* Frameworks */,
				A8B86A40240B1C540071F74D /* Resources */,
			);
			buildRules = (
			);
			dependencies = (
			);
			name = "To-Do List";
			productName = "To-Do List";
			productReference = A8B86A42240B1C540071F74D /* To-Do List.app */;
			productType = "com.apple.product-type.application";
		};
/* End PBXNativeTarget section */

/* Begin PBXProject section */
		A8B86A3A240B1C540071F74D /* Project object */ = {
			isa = PBXProject;
			attributes = {
				LastSwiftUpdateCheck = 1130;
				LastUpgradeCheck = 1130;
				ORGANIZATIONNAME = "Audrey Sin Fai Lam";
				TargetAttributes = {
					A8B86A41240B1C540071F74D = {
						CreatedOnToolsVersion = 11.3.1;
					};
				};
			};
			buildConfigurationList = A8B86A3D240B1C540071F74D /* Build configuration list for PBXProject "To-Do List" */;
			compatibilityVersion = "Xcode 9.3";
			developmentRegion = en;
			hasScannedForEncodings = 0;
			knownRegions = (
				en,
				Base,
			);
			mainGroup = A8B86A39240B1C540071F74D;
			productRefGroup = A8B86A43240B1C540071F74D /* Products */;
			projectDirPath = "";
			projectRoot = "";
			targets = (
				A8B86A41240B1C540071F74D /* To-Do List */,
			);
		};
/* End PBXProject section */

/* Begin PBXResourcesBuildPhase section */
		A8B86A40240B1C540071F74D /* Resources */ = {
			isa = PBXResourcesBuildPhase;
			buildActionMask = 2147483647;
			files = (
				A8B86A52240B1C5A0071F74D /* LaunchScreen.storyboard in Resources */,
				A8B86A4F240B1C5A0071F74D /* Assets.xcassets in Resources */,
				A8B86A4D240B1C540071F74D /* Main.storyboard in Resources */,
			);
			runOnlyForDeploymentPostprocessing = 0;
		};
/* End PBXResourcesBuildPhase section */

/* Begin PBXSourcesBuildPhase section */
		A8B86A3E240B1C540071F74D /* Sources */ = {
			isa = PBXSourcesBuildPhase;
			buildActionMask = 2147483647;
			files = (
				A8B86A5A2415D02D0071F74D /* Item.swift in Sources */,
				A8B86A4A240B1C540071F74D /* TodoListViewController.swift in Sources */,
				A8B86A46240B1C540071F74D /* AppDelegate.swift in Sources */,
				A8B86A48240B1C540071F74D /* SceneDelegate.swift in Sources */,
			);
			runOnlyForDeploymentPostprocessing = 0;
		};
/* End PBXSourcesBuildPhase section */

/* Begin PBXVariantGroup section */
		A8B86A4B240B1C540071F74D /* Main.storyboard */ = {
			isa = PBXVariantGroup;
			children = (
				A8B86A4C240B1C540071F74D /* Base */,
			);
			name = Main.storyboard;
			sourceTree = "<group>";
		};
		A8B86A50240B1C5A0071F74D /* LaunchScreen.storyboard */ = {
			isa = PBXVariantGroup;
			children = (
				A8B86A51240B1C5A0071F74D /* Base */,
			);
			name = LaunchScreen.storyboard;
			sourceTree = "<group>";
		};
/* End PBXVariantGroup section */

/* Begin XCBuildConfiguration section */
		A8B86A54240B1C5A0071F74D /* Debug */ = {
			isa = XCBuildConfiguration;
			buildSettings = {
				ALWAYS_SEARCH_USER_PATHS = NO;
				CLANG_ANALYZER_NONNULL = YES;
				CLANG_ANALYZER_NUMBER_OBJECT_CONVERSION = YES_AGGRESSIVE;
				CLANG_CXX_LANGUAGE_STANDARD = "gnu++14";
				CLANG_CXX_LIBRARY = "libc++";
				CLANG_ENABLE_MODULES = YES;
				CLANG_ENABLE_OBJC_ARC = YES;
				CLANG_ENABLE_OBJC_WEAK = YES;
				CLANG_WARN_BLOCK_CAPTURE_AUTORELEASING = YES;
				CLANG_WARN_BOOL_CONVERSION = YES;
				CLANG_WARN_COMMA = YES;
				CLANG_WARN_CONSTANT_CONVERSION = YES;
				CLANG_WARN_DEPRECATED_OBJC_IMPLEMENTATIONS = YES;
				CLANG_WARN_DIRECT_OBJC_ISA_USAGE = YES_ERROR;
				CLANG_WARN_DOCUMENTATION_COMMENTS = YES;
				CLANG_WARN_EMPTY_BODY = YES;
				CLANG_WARN_ENUM_CONVERSION = YES;
				CLANG_WARN_INFINITE_RECURSION = YES;
				CLANG_WARN_INT_CONVERSION = YES;
				CLANG_WARN_NON_LITERAL_NULL_CONVERSION = YES;
				CLANG_WARN_OBJC_IMPLICIT_RETAIN_SELF = YES;
				CLANG_WARN_OBJC_LITERAL_CONVERSION = YES;
				CLANG_WARN_OBJC_ROOT_CLASS = YES_ERROR;
				CLANG_WARN_RANGE_LOOP_ANALYSIS = YES;
				CLANG_WARN_STRICT_PROTOTYPES = YES;
				CLANG_WARN_SUSPICIOUS_MOVE = YES;
				CLANG_WARN_UNGUARDED_AVAILABILITY = YES_AGGRESSIVE;
				CLANG_WARN_UNREACHABLE_CODE = YES;
				CLANG_WARN__DUPLICATE_METHOD_MATCH = YES;
				COPY_PHASE_STRIP = NO;
				DEBUG_INFORMATION_FORMAT = dwarf;
				ENABLE_STRICT_OBJC_MSGSEND = YES;
				ENABLE_TESTABILITY = YES;
				GCC_C_LANGUAGE_STANDARD = gnu11;
				GCC_DYNAMIC_NO_PIC = NO;
				GCC_NO_COMMON_BLOCKS = YES;
				GCC_OPTIMIZATION_LEVEL = 0;
				GCC_PREPROCESSOR_DEFINITIONS = (
					"DEBUG=1",
					"$(inherited)",
				);
				GCC_WARN_64_TO_32_BIT_CONVERSION = YES;
				GCC_WARN_ABOUT_RETURN_TYPE = YES_ERROR;
				GCC_WARN_UNDECLARED_SELECTOR = YES;
				GCC_WARN_UNINITIALIZED_AUTOS = YES_AGGRESSIVE;
				GCC_WARN_UNUSED_FUNCTION = YES;
				GCC_WARN_UNUSED_VARIABLE = YES;
				IPHONEOS_DEPLOYMENT_TARGET = 13.2;
				MTL_ENABLE_DEBUG_INFO = INCLUDE_SOURCE;
				MTL_FAST_MATH = YES;
				ONLY_ACTIVE_ARCH = YES;
				SDKROOT = iphoneos;
				SWIFT_ACTIVE_COMPILATION_CONDITIONS = DEBUG;
				SWIFT_OPTIMIZATION_LEVEL = "-Onone";
			};
			name = Debug;
		};
		A8B86A55240B1C5A0071F74D /* Release */ = {
			isa = XCBuildConfiguration;
			buildSettings = {
				ALWAYS_SEARCH_USER_PATHS = NO;
				CLANG_ANALYZER_NONNULL = YES;
				CLANG_ANALYZER_NUMBER_OBJECT_CONVERSION = YES_AGGRESSIVE;
				CLANG_CXX_LANGUAGE_STANDARD = "gnu++14";
				CLANG_CXX_LIBRARY = "libc++";
				CLANG_ENABLE_MODULES = YES;
				CLANG_ENABLE_OBJC_ARC = YES;
				CLANG_ENABLE_OBJC_WEAK = YES;
				CLANG_WARN_BLOCK_CAPTURE_AUTORELEASING = YES;
				CLANG_WARN_BOOL_CONVERSION = YES;
				CLANG_WARN_COMMA = YES;
				CLANG_WARN_CONSTANT_CONVERSION = YES;
				CLANG_WARN_DEPRECATED_OBJC_IMPLEMENTATIONS = YES;
				CLANG_WARN_DIRECT_OBJC_ISA_USAGE = YES_ERROR;
				CLANG_WARN_DOCUMENTATION_COMMENTS = YES;
				CLANG_WARN_EMPTY_BODY = YES;
				CLANG_WARN_ENUM_CONVERSION = YES;
				CLANG_WARN_INFINITE_RECURSION = YES;
				CLANG_WARN_INT_CONVERSION = YES;
				CLANG_WARN_NON_LITERAL_NULL_CONVERSION = YES;
				CLANG_WARN_OBJC_IMPLICIT_RETAIN_SELF = YES;
				CLANG_WARN_OBJC_LITERAL_CONVERSION = YES;
				CLANG_WARN_OBJC_ROOT_CLASS = YES_ERROR;
				CLANG_WARN_RANGE_LOOP_ANALYSIS = YES;
				CLANG_WARN_STRICT_PROTOTYPES = YES;
				CLANG_WARN_SUSPICIOUS_MOVE = YES;
				CLANG_WARN_UNGUARDED_AVAILABILITY = YES_AGGRESSIVE;
				CLANG_WARN_UNREACHABLE_CODE = YES;
				CLANG_WARN__DUPLICATE_METHOD_MATCH = YES;
				COPY_PHASE_STRIP = NO;
				DEBUG_INFORMATION_FORMAT = "dwarf-with-dsym";
				ENABLE_NS_ASSERTIONS = NO;
				ENABLE_STRICT_OBJC_MSGSEND = YES;
				GCC_C_LANGUAGE_STANDARD = gnu11;
				GCC_NO_COMMON_BLOCKS = YES;
				GCC_WARN_64_TO_32_BIT_CONVERSION = YES;
				GCC_WARN_ABOUT_RETURN_TYPE = YES_ERROR;
				GCC_WARN_UNDECLARED_SELECTOR = YES;
				GCC_WARN_UNINITIALIZED_AUTOS = YES_AGGRESSIVE;
				GCC_WARN_UNUSED_FUNCTION = YES;
				GCC_WARN_UNUSED_VARIABLE = YES;
				IPHONEOS_DEPLOYMENT_TARGET = 13.2;
				MTL_ENABLE_DEBUG_INFO = NO;
				MTL_FAST_MATH = YES;
				SDKROOT = iphoneos;
				SWIFT_COMPILATION_MODE = wholemodule;
				SWIFT_OPTIMIZATION_LEVEL = "-O";
				VALIDATE_PRODUCT = YES;
			};
			name = Release;
		};
		A8B86A57240B1C5A0071F74D /* Debug */ = {
			isa = XCBuildConfiguration;
			buildSettings = {
				ASSETCATALOG_COMPILER_APPICON_NAME = AppIcon;
				CODE_SIGN_STYLE = Automatic;
				DEVELOPMENT_TEAM = 3BCJFA6G7N;
				INFOPLIST_FILE = "To-Do List/Info.plist";
				LD_RUNPATH_SEARCH_PATHS = (
					"$(inherited)",
					"@executable_path/Frameworks",
				);
				PRODUCT_BUNDLE_IDENTIFIER = "co.audsin.To-Do-List";
				PRODUCT_NAME = "$(TARGET_NAME)";
				SWIFT_VERSION = 5.0;
				TARGETED_DEVICE_FAMILY = "1,2";
			};
			name = Debug;
		};
		A8B86A58240B1C5A0071F74D /* Release */ = {
			isa = XCBuildConfiguration;
			buildSettings = {
				ASSETCATALOG_COMPILER_APPICON_NAME = AppIcon;
				CODE_SIGN_STYLE = Automatic;
				DEVELOPMENT_TEAM = 3BCJFA6G7N;
				INFOPLIST_FILE = "To-Do List/Info.plist";
				LD_RUNPATH_SEARCH_PATHS = (
					"$(inherited)",
					"@executable_path/Frameworks",
				);
				PRODUCT_BUNDLE_IDENTIFIER = "co.audsin.To-Do-List";
				PRODUCT_NAME = "$(TARGET_NAME)";
				SWIFT_VERSION = 5.0;
				TARGETED_DEVICE_FAMILY = "1,2";
			};
			name = Release;
		};
/* End XCBuildConfiguration section */

/* Begin XCConfigurationList section */
		A8B86A3D240B1C540071F74D /* Build configuration list for PBXProject "To-Do List" */ = {
			isa = XCConfigurationList;
			buildConfigurations = (
				A8B86A54240B1C5A0071F74D /* Debug */,
				A8B86A55240B1C5A0071F74D /* Release */,
			);
			defaultConfigurationIsVisible = 0;
			defaultConfigurationName = Release;
		};
		A8B86A56240B1C5A0071F74D /* Build configuration list for PBXNativeTarget "To-Do List" */ = {
			isa = XCConfigurationList;
			buildConfigurations = (
				A8B86A57240B1C5A0071F74D /* Debug */,
				A8B86A58240B1C5A0071F74D /* Release */,
			);
			defaultConfigurationIsVisible = 0;
			defaultConfigurationName = Release;
		};
/* End XCConfigurationList section */
	};
	rootObject = A8B86A3A240B1C540071F74D /* Project object */;
}
